// !$*UTF8*$!
{
	archiveVersion = 1;
	classes = {
	};
	objectVersion = 55;
	objects = {

/* Begin PBXBuildFile section */
		0AAE35532882A248001B55FB /* AppDelegate.swift in Sources */ = {isa = PBXBuildFile; fileRef = 0AAE35522882A248001B55FB /* AppDelegate.swift */; };
		0AAE355A2882A248001B55FB /* Main.storyboard in Resources */ = {isa = PBXBuildFile; fileRef = 0AAE35582882A248001B55FB /* Main.storyboard */; };
		0AAE355C2882A24A001B55FB /* Assets.xcassets in Resources */ = {isa = PBXBuildFile; fileRef = 0AAE355B2882A24A001B55FB /* Assets.xcassets */; };
		0AAE355F2882A24A001B55FB /* LaunchScreen.storyboard in Resources */ = {isa = PBXBuildFile; fileRef = 0AAE355D2882A24A001B55FB /* LaunchScreen.storyboard */; };
		0AEC1B7C2882A6D500B33DFE /* NetworkingService.swift in Sources */ = {isa = PBXBuildFile; fileRef = 0AEC1B7B2882A6D500B33DFE /* NetworkingService.swift */; };
		0AEC1B7E2882A85B00B33DFE /* Items.swift in Sources */ = {isa = PBXBuildFile; fileRef = 0AEC1B7D2882A85B00B33DFE /* Items.swift */; };
		0AEC1B842882AEE400B33DFE /* MainViewController.swift in Sources */ = {isa = PBXBuildFile; fileRef = 0AEC1B832882AEE400B33DFE /* MainViewController.swift */; };
		0AEC1B862882B4EB00B33DFE /* MainViewModel.swift in Sources */ = {isa = PBXBuildFile; fileRef = 0AEC1B852882B4EB00B33DFE /* MainViewModel.swift */; };
		0AEC1B8A2882BB6D00B33DFE /* ItemTableViewCell.swift in Sources */ = {isa = PBXBuildFile; fileRef = 0AEC1B892882BB6D00B33DFE /* ItemTableViewCell.swift */; };
		B57F205C7DDA4B763916F649 /* Pods_NOUS.framework in Frameworks */ = {isa = PBXBuildFile; fileRef = B3E951AB014018F478436753 /* Pods_NOUS.framework */; };
/* End PBXBuildFile section */

/* Begin PBXFileReference section */
		0AAE354F2882A248001B55FB /* NOUS.app */ = {isa = PBXFileReference; explicitFileType = wrapper.application; includeInIndex = 0; path = NOUS.app; sourceTree = BUILT_PRODUCTS_DIR; };
		0AAE35522882A248001B55FB /* AppDelegate.swift */ = {isa = PBXFileReference; lastKnownFileType = sourcecode.swift; path = AppDelegate.swift; sourceTree = "<group>"; };
		0AAE35592882A248001B55FB /* Base */ = {isa = PBXFileReference; lastKnownFileType = file.storyboard; name = Base; path = Base.lproj/Main.storyboard; sourceTree = "<group>"; };
		0AAE355B2882A24A001B55FB /* Assets.xcassets */ = {isa = PBXFileReference; lastKnownFileType = folder.assetcatalog; path = Assets.xcassets; sourceTree = "<group>"; };
		0AAE355E2882A24A001B55FB /* Base */ = {isa = PBXFileReference; lastKnownFileType = file.storyboard; name = Base; path = Base.lproj/LaunchScreen.storyboard; sourceTree = "<group>"; };
		0AEC1B7B2882A6D500B33DFE /* NetworkingService.swift */ = {isa = PBXFileReference; lastKnownFileType = sourcecode.swift; path = NetworkingService.swift; sourceTree = "<group>"; };
		0AEC1B7D2882A85B00B33DFE /* Items.swift */ = {isa = PBXFileReference; lastKnownFileType = sourcecode.swift; path = Items.swift; sourceTree = "<group>"; };
		0AEC1B812882ADC100B33DFE /* Info.plist */ = {isa = PBXFileReference; fileEncoding = 4; lastKnownFileType = text.plist.xml; path = Info.plist; sourceTree = "<group>"; };
		0AEC1B832882AEE400B33DFE /* MainViewController.swift */ = {isa = PBXFileReference; lastKnownFileType = sourcecode.swift; path = MainViewController.swift; sourceTree = "<group>"; };
		0AEC1B852882B4EB00B33DFE /* MainViewModel.swift */ = {isa = PBXFileReference; lastKnownFileType = sourcecode.swift; path = MainViewModel.swift; sourceTree = "<group>"; };
		0AEC1B892882BB6D00B33DFE /* ItemTableViewCell.swift */ = {isa = PBXFileReference; lastKnownFileType = sourcecode.swift; path = ItemTableViewCell.swift; sourceTree = "<group>"; };
		B3E951AB014018F478436753 /* Pods_NOUS.framework */ = {isa = PBXFileReference; explicitFileType = wrapper.framework; includeInIndex = 0; path = Pods_NOUS.framework; sourceTree = BUILT_PRODUCTS_DIR; };
		C8F34019D29E80FADAC629F4 /* Pods-NOUS.debug.xcconfig */ = {isa = PBXFileReference; includeInIndex = 1; lastKnownFileType = text.xcconfig; name = "Pods-NOUS.debug.xcconfig"; path = "Target Support Files/Pods-NOUS/Pods-NOUS.debug.xcconfig"; sourceTree = "<group>"; };
		D29D08FD41A9F252E5BE3D59 /* Pods-NOUS.release.xcconfig */ = {isa = PBXFileReference; includeInIndex = 1; lastKnownFileType = text.xcconfig; name = "Pods-NOUS.release.xcconfig"; path = "Target Support Files/Pods-NOUS/Pods-NOUS.release.xcconfig"; sourceTree = "<group>"; };
/* End PBXFileReference section */

/* Begin PBXFrameworksBuildPhase section */
		0AAE354C2882A248001B55FB /* Frameworks */ = {
			isa = PBXFrameworksBuildPhase;
			buildActionMask = 2147483647;
			files = (
				B57F205C7DDA4B763916F649 /* Pods_NOUS.framework in Frameworks */,
			);
			runOnlyForDeploymentPostprocessing = 0;
		};
/* End PBXFrameworksBuildPhase section */

/* Begin PBXGroup section */
		0AAE35462882A248001B55FB = {
			isa = PBXGroup;
			children = (
				0AAE35512882A248001B55FB /* NOUS */,
				0AAE35502882A248001B55FB /* Products */,
				6C01ABAE4111063114B1520D /* Pods */,
				3DE2A64BF0911FFFA50A1016 /* Frameworks */,
			);
			sourceTree = "<group>";
		};
		0AAE35502882A248001B55FB /* Products */ = {
			isa = PBXGroup;
			children = (
				0AAE354F2882A248001B55FB /* NOUS.app */,
			);
			name = Products;
			sourceTree = "<group>";
		};
		0AAE35512882A248001B55FB /* NOUS */ = {
			isa = PBXGroup;
			children = (
				0AAE35522882A248001B55FB /* AppDelegate.swift */,
				0AEC1B782882A68300B33DFE /* Model */,
				0AEC1B772882A67D00B33DFE /* View */,
				0AEC1B762882A66100B33DFE /* ViewModel */,
				0AEC1B792882A69700B33DFE /* Interfaces */,
				0AEC1B882882BB5000B33DFE /* Controller */,
				0AEC1B7A2882A6C100B33DFE /* Service */,
				0AAE35662882A39D001B55FB /* Source */,
			);
			path = NOUS;
			sourceTree = "<group>";
		};
		0AAE35662882A39D001B55FB /* Source */ = {
			isa = PBXGroup;
			children = (
				0AAE355D2882A24A001B55FB /* LaunchScreen.storyboard */,
				0AAE355B2882A24A001B55FB /* Assets.xcassets */,
				0AEC1B812882ADC100B33DFE /* Info.plist */,
			);
			path = Source;
			sourceTree = "<group>";
		};
		0AEC1B762882A66100B33DFE /* ViewModel */ = {
			isa = PBXGroup;
			children = (
				0AEC1B852882B4EB00B33DFE /* MainViewModel.swift */,
			);
			path = ViewModel;
			sourceTree = "<group>";
		};
		0AEC1B772882A67D00B33DFE /* View */ = {
			isa = PBXGroup;
			children = (
				0AEC1B892882BB6D00B33DFE /* ItemTableViewCell.swift */,
			);
			path = View;
			sourceTree = "<group>";
		};
		0AEC1B782882A68300B33DFE /* Model */ = {
			isa = PBXGroup;
			children = (
				0AEC1B7D2882A85B00B33DFE /* Items.swift */,
			);
			path = Model;
			sourceTree = "<group>";
		};
		0AEC1B792882A69700B33DFE /* Interfaces */ = {
			isa = PBXGroup;
			children = (
				0AAE35582882A248001B55FB /* Main.storyboard */,
			);
			path = Interfaces;
			sourceTree = "<group>";
		};
		0AEC1B7A2882A6C100B33DFE /* Service */ = {
			isa = PBXGroup;
			children = (
				0AEC1B7B2882A6D500B33DFE /* NetworkingService.swift */,
			);
			path = Service;
			sourceTree = "<group>";
		};
		0AEC1B882882BB5000B33DFE /* Controller */ = {
			isa = PBXGroup;
			children = (
				0AEC1B832882AEE400B33DFE /* MainViewController.swift */,
			);
			path = Controller;
			sourceTree = "<group>";
		};
		3DE2A64BF0911FFFA50A1016 /* Frameworks */ = {
			isa = PBXGroup;
			children = (
				B3E951AB014018F478436753 /* Pods_NOUS.framework */,
			);
			name = Frameworks;
			sourceTree = "<group>";
		};
		6C01ABAE4111063114B1520D /* Pods */ = {
			isa = PBXGroup;
			children = (
				C8F34019D29E80FADAC629F4 /* Pods-NOUS.debug.xcconfig */,
				D29D08FD41A9F252E5BE3D59 /* Pods-NOUS.release.xcconfig */,
			);
			path = Pods;
			sourceTree = "<group>";
		};
/* End PBXGroup section */

/* Begin PBXNativeTarget section */
		0AAE354E2882A248001B55FB /* NOUS */ = {
			isa = PBXNativeTarget;
			buildConfigurationList = 0AAE35632882A24A001B55FB /* Build configuration list for PBXNativeTarget "NOUS" */;
			buildPhases = (
				1D8241944FE2E1CD3101AC00 /* [CP] Check Pods Manifest.lock */,
				0AAE354B2882A248001B55FB /* Sources */,
				0AAE354C2882A248001B55FB /* Frameworks */,
				0AAE354D2882A248001B55FB /* Resources */,
				AA30186F6D04952201E21F49 /* [CP] Embed Pods Frameworks */,
			);
			buildRules = (
			);
			dependencies = (
			);
			name = NOUS;
			productName = NOUS;
			productReference = 0AAE354F2882A248001B55FB /* NOUS.app */;
			productType = "com.apple.product-type.application";
		};
/* End PBXNativeTarget section */

/* Begin PBXProject section */
		0AAE35472882A248001B55FB /* Project object */ = {
			isa = PBXProject;
			attributes = {
				BuildIndependentTargetsInParallel = 1;
				LastSwiftUpdateCheck = 1310;
				LastUpgradeCheck = 1310;
				TargetAttributes = {
					0AAE354E2882A248001B55FB = {
						CreatedOnToolsVersion = 13.1;
					};
				};
			};
			buildConfigurationList = 0AAE354A2882A248001B55FB /* Build configuration list for PBXProject "NOUS" */;
			compatibilityVersion = "Xcode 13.0";
			developmentRegion = en;
			hasScannedForEncodings = 0;
			knownRegions = (
				en,
				Base,
			);
			mainGroup = 0AAE35462882A248001B55FB;
			productRefGroup = 0AAE35502882A248001B55FB /* Products */;
			projectDirPath = "";
			projectRoot = "";
			targets = (
				0AAE354E2882A248001B55FB /* NOUS */,
			);
		};
/* End PBXProject section */

/* Begin PBXResourcesBuildPhase section */
		0AAE354D2882A248001B55FB /* Resources */ = {
			isa = PBXResourcesBuildPhase;
			buildActionMask = 2147483647;
			files = (
				0AAE355F2882A24A001B55FB /* LaunchScreen.storyboard in Resources */,
				0AAE355C2882A24A001B55FB /* Assets.xcassets in Resources */,
				0AAE355A2882A248001B55FB /* Main.storyboard in Resources */,
			);
			runOnlyForDeploymentPostprocessing = 0;
		};
/* End PBXResourcesBuildPhase section */

/* Begin PBXShellScriptBuildPhase section */
		1D8241944FE2E1CD3101AC00 /* [CP] Check Pods Manifest.lock */ = {
			isa = PBXShellScriptBuildPhase;
			buildActionMask = 2147483647;
			files = (
			);
			inputFileListPaths = (
			);
			inputPaths = (
				"${PODS_PODFILE_DIR_PATH}/Podfile.lock",
				"${PODS_ROOT}/Manifest.lock",
			);
			name = "[CP] Check Pods Manifest.lock";
			outputFileListPaths = (
			);
			outputPaths = (
				"$(DERIVED_FILE_DIR)/Pods-NOUS-checkManifestLockResult.txt",
			);
			runOnlyForDeploymentPostprocessing = 0;
			shellPath = /bin/sh;
			shellScript = "diff \"${PODS_PODFILE_DIR_PATH}/Podfile.lock\" \"${PODS_ROOT}/Manifest.lock\" > /dev/null\nif [ $? != 0 ] ; then\n    # print error to STDERR\n    echo \"error: The sandbox is not in sync with the Podfile.lock. Run 'pod install' or update your CocoaPods installation.\" >&2\n    exit 1\nfi\n# This output is used by Xcode 'outputs' to avoid re-running this script phase.\necho \"SUCCESS\" > \"${SCRIPT_OUTPUT_FILE_0}\"\n";
			showEnvVarsInLog = 0;
		};
		AA30186F6D04952201E21F49 /* [CP] Embed Pods Frameworks */ = {
			isa = PBXShellScriptBuildPhase;
			buildActionMask = 2147483647;
			files = (
			);
			inputFileListPaths = (
				"${PODS_ROOT}/Target Support Files/Pods-NOUS/Pods-NOUS-frameworks-${CONFIGURATION}-input-files.xcfilelist",
			);
			name = "[CP] Embed Pods Frameworks";
			outputFileListPaths = (
				"${PODS_ROOT}/Target Support Files/Pods-NOUS/Pods-NOUS-frameworks-${CONFIGURATION}-output-files.xcfilelist",
			);
			runOnlyForDeploymentPostprocessing = 0;
			shellPath = /bin/sh;
			shellScript = "\"${PODS_ROOT}/Target Support Files/Pods-NOUS/Pods-NOUS-frameworks.sh\"\n";
			showEnvVarsInLog = 0;
		};
/* End PBXShellScriptBuildPhase section */

/* Begin PBXSourcesBuildPhase section */
		0AAE354B2882A248001B55FB /* Sources */ = {
			isa = PBXSourcesBuildPhase;
			buildActionMask = 2147483647;
			files = (
				0AEC1B862882B4EB00B33DFE /* MainViewModel.swift in Sources */,
				0AAE35532882A248001B55FB /* AppDelegate.swift in Sources */,
				0AEC1B7E2882A85B00B33DFE /* Items.swift in Sources */,
				0AEC1B7C2882A6D500B33DFE /* NetworkingService.swift in Sources */,
				0AEC1B8A2882BB6D00B33DFE /* ItemTableViewCell.swift in Sources */,
				0AEC1B842882AEE400B33DFE /* MainViewController.swift in Sources */,
			);
			runOnlyForDeploymentPostprocessing = 0;
		};
/* End PBXSourcesBuildPhase section */

/* Begin PBXVariantGroup section */
		0AAE35582882A248001B55FB /* Main.storyboard */ = {
			isa = PBXVariantGroup;
			children = (
				0AAE35592882A248001B55FB /* Base */,
			);
			name = Main.storyboard;
			sourceTree = "<group>";
		};
		0AAE355D2882A24A001B55FB /* LaunchScreen.storyboard */ = {
			isa = PBXVariantGroup;
			children = (
				0AAE355E2882A24A001B55FB /* Base */,
			);
			name = LaunchScreen.storyboard;
			sourceTree = "<group>";
		};
/* End PBXVariantGroup section */

/* Begin XCBuildConfiguration section */
		0AAE35612882A24A001B55FB /* Debug */ = {
			isa = XCBuildConfiguration;
			buildSettings = {
				ALWAYS_SEARCH_USER_PATHS = NO;
				CLANG_ANALYZER_NONNULL = YES;
				CLANG_ANALYZER_NUMBER_OBJECT_CONVERSION = YES_AGGRESSIVE;
				CLANG_CXX_LANGUAGE_STANDARD = "gnu++17";
				CLANG_CXX_LIBRARY = "libc++";
				CLANG_ENABLE_MODULES = YES;
				CLANG_ENABLE_OBJC_ARC = YES;
				CLANG_ENABLE_OBJC_WEAK = YES;
				CLANG_WARN_BLOCK_CAPTURE_AUTORELEASING = YES;
				CLANG_WARN_BOOL_CONVERSION = YES;
				CLANG_WARN_COMMA = YES;
				CLANG_WARN_CONSTANT_CONVERSION = YES;
				CLANG_WARN_DEPRECATED_OBJC_IMPLEMENTATIONS = YES;
				CLANG_WARN_DIRECT_OBJC_ISA_USAGE = YES_ERROR;
				CLANG_WARN_DOCUMENTATION_COMMENTS = YES;
				CLANG_WARN_EMPTY_BODY = YES;
				CLANG_WARN_ENUM_CONVERSION = YES;
				CLANG_WARN_INFINITE_RECURSION = YES;
				CLANG_WARN_INT_CONVERSION = YES;
				CLANG_WARN_NON_LITERAL_NULL_CONVERSION = YES;
				CLANG_WARN_OBJC_IMPLICIT_RETAIN_SELF = YES;
				CLANG_WARN_OBJC_LITERAL_CONVERSION = YES;
				CLANG_WARN_OBJC_ROOT_CLASS = YES_ERROR;
				CLANG_WARN_QUOTED_INCLUDE_IN_FRAMEWORK_HEADER = YES;
				CLANG_WARN_RANGE_LOOP_ANALYSIS = YES;
				CLANG_WARN_STRICT_PROTOTYPES = YES;
				CLANG_WARN_SUSPICIOUS_MOVE = YES;
				CLANG_WARN_UNGUARDED_AVAILABILITY = YES_AGGRESSIVE;
				CLANG_WARN_UNREACHABLE_CODE = YES;
				CLANG_WARN__DUPLICATE_METHOD_MATCH = YES;
				COPY_PHASE_STRIP = NO;
				DEBUG_INFORMATION_FORMAT = dwarf;
				ENABLE_STRICT_OBJC_MSGSEND = YES;
				ENABLE_TESTABILITY = YES;
				GCC_C_LANGUAGE_STANDARD = gnu11;
				GCC_DYNAMIC_NO_PIC = NO;
				GCC_NO_COMMON_BLOCKS = YES;
				GCC_OPTIMIZATION_LEVEL = 0;
				GCC_PREPROCESSOR_DEFINITIONS = (
					"DEBUG=1",
					"$(inherited)",
				);
				GCC_WARN_64_TO_32_BIT_CONVERSION = YES;
				GCC_WARN_ABOUT_RETURN_TYPE = YES_ERROR;
				GCC_WARN_UNDECLARED_SELECTOR = YES;
				GCC_WARN_UNINITIALIZED_AUTOS = YES_AGGRESSIVE;
				GCC_WARN_UNUSED_FUNCTION = YES;
				GCC_WARN_UNUSED_VARIABLE = YES;
				IPHONEOS_DEPLOYMENT_TARGET = 15.0;
				MTL_ENABLE_DEBUG_INFO = INCLUDE_SOURCE;
				MTL_FAST_MATH = YES;
				ONLY_ACTIVE_ARCH = YES;
				SDKROOT = iphoneos;
				SWIFT_ACTIVE_COMPILATION_CONDITIONS = DEBUG;
				SWIFT_OPTIMIZATION_LEVEL = "-Onone";
			};
			name = Debug;
		};
		0AAE35622882A24A001B55FB /* Release */ = {
			isa = XCBuildConfiguration;
			buildSettings = {
				ALWAYS_SEARCH_USER_PATHS = NO;
				CLANG_ANALYZER_NONNULL = YES;
				CLANG_ANALYZER_NUMBER_OBJECT_CONVERSION = YES_AGGRESSIVE;
				CLANG_CXX_LANGUAGE_STANDARD = "gnu++17";
				CLANG_CXX_LIBRARY = "libc++";
				CLANG_ENABLE_MODULES = YES;
				CLANG_ENABLE_OBJC_ARC = YES;
				CLANG_ENABLE_OBJC_WEAK = YES;
				CLANG_WARN_BLOCK_CAPTURE_AUTORELEASING = YES;
				CLANG_WARN_BOOL_CONVERSION = YES;
				CLANG_WARN_COMMA = YES;
				CLANG_WARN_CONSTANT_CONVERSION = YES;
				CLANG_WARN_DEPRECATED_OBJC_IMPLEMENTATIONS = YES;
				CLANG_WARN_DIRECT_OBJC_ISA_USAGE = YES_ERROR;
				CLANG_WARN_DOCUMENTATION_COMMENTS = YES;
				CLANG_WARN_EMPTY_BODY = YES;
				CLANG_WARN_ENUM_CONVERSION = YES;
				CLANG_WARN_INFINITE_RECURSION = YES;
				CLANG_WARN_INT_CONVERSION = YES;
				CLANG_WARN_NON_LITERAL_NULL_CONVERSION = YES;
				CLANG_WARN_OBJC_IMPLICIT_RETAIN_SELF = YES;
				CLANG_WARN_OBJC_LITERAL_CONVERSION = YES;
				CLANG_WARN_OBJC_ROOT_CLASS = YES_ERROR;
				CLANG_WARN_QUOTED_INCLUDE_IN_FRAMEWORK_HEADER = YES;
				CLANG_WARN_RANGE_LOOP_ANALYSIS = YES;
				CLANG_WARN_STRICT_PROTOTYPES = YES;
				CLANG_WARN_SUSPICIOUS_MOVE = YES;
				CLANG_WARN_UNGUARDED_AVAILABILITY = YES_AGGRESSIVE;
				CLANG_WARN_UNREACHABLE_CODE = YES;
				CLANG_WARN__DUPLICATE_METHOD_MATCH = YES;
				COPY_PHASE_STRIP = NO;
				DEBUG_INFORMATION_FORMAT = "dwarf-with-dsym";
				ENABLE_NS_ASSERTIONS = NO;
				ENABLE_STRICT_OBJC_MSGSEND = YES;
				GCC_C_LANGUAGE_STANDARD = gnu11;
				GCC_NO_COMMON_BLOCKS = YES;
				GCC_WARN_64_TO_32_BIT_CONVERSION = YES;
				GCC_WARN_ABOUT_RETURN_TYPE = YES_ERROR;
				GCC_WARN_UNDECLARED_SELECTOR = YES;
				GCC_WARN_UNINITIALIZED_AUTOS = YES_AGGRESSIVE;
				GCC_WARN_UNUSED_FUNCTION = YES;
				GCC_WARN_UNUSED_VARIABLE = YES;
				IPHONEOS_DEPLOYMENT_TARGET = 15.0;
				MTL_ENABLE_DEBUG_INFO = NO;
				MTL_FAST_MATH = YES;
				SDKROOT = iphoneos;
				SWIFT_COMPILATION_MODE = wholemodule;
				SWIFT_OPTIMIZATION_LEVEL = "-O";
				VALIDATE_PRODUCT = YES;
			};
			name = Release;
		};
		0AAE35642882A24A001B55FB /* Debug */ = {
			isa = XCBuildConfiguration;
			baseConfigurationReference = C8F34019D29E80FADAC629F4 /* Pods-NOUS.debug.xcconfig */;
			buildSettings = {
				ASSETCATALOG_COMPILER_APPICON_NAME = AppIcon;
				ASSETCATALOG_COMPILER_GLOBAL_ACCENT_COLOR_NAME = AccentColor;
				CODE_SIGN_STYLE = Automatic;
				CURRENT_PROJECT_VERSION = 1;
				DEVELOPMENT_TEAM = JXU577K7BA;
				GENERATE_INFOPLIST_FILE = YES;
				INFOPLIST_FILE = NOUS/Info.plist;
				INFOPLIST_KEY_UIApplicationSupportsIndirectInputEvents = YES;
				INFOPLIST_KEY_UILaunchStoryboardName = LaunchScreen;
				INFOPLIST_KEY_UIMainStoryboardFile = Main;
				INFOPLIST_KEY_UISupportedInterfaceOrientations = UIInterfaceOrientationPortrait;
				INFOPLIST_KEY_UISupportedInterfaceOrientations_iPad = "UIInterfaceOrientationPortrait UIInterfaceOrientationPortraitUpsideDown UIInterfaceOrientationLandscapeLeft UIInterfaceOrientationLandscapeRight";
				INFOPLIST_KEY_UISupportedInterfaceOrientations_iPhone = "UIInterfaceOrientationPortrait UIInterfaceOrientationLandscapeLeft UIInterfaceOrientationLandscapeRight";
				LD_RUNPATH_SEARCH_PATHS = (
					"$(inherited)",
					"@executable_path/Frameworks",
				);
				MARKETING_VERSION = 1.0;
				PRODUCT_BUNDLE_IDENTIFIER = mohammad.tk.NOUS;
				PRODUCT_NAME = "$(TARGET_NAME)";
				SWIFT_EMIT_LOC_STRINGS = YES;
				SWIFT_VERSION = 5.0;
				TARGETED_DEVICE_FAMILY = 1;
			};
			name = Debug;
		};
		0AAE35652882A24A001B55FB /* Release */ = {
			isa = XCBuildConfiguration;
			baseConfigurationReference = D29D08FD41A9F252E5BE3D59 /* Pods-NOUS.release.xcconfig */;
			buildSettings = {
				ASSETCATALOG_COMPILER_APPICON_NAME = AppIcon;
				ASSETCATALOG_COMPILER_GLOBAL_ACCENT_COLOR_NAME = AccentColor;
				CODE_SIGN_STYLE = Automatic;
				CURRENT_PROJECT_VERSION = 1;
				DEVELOPMENT_TEAM = JXU577K7BA;
				GENERATE_INFOPLIST_FILE = YES;
				INFOPLIST_FILE = NOUS/Info.plist;
				INFOPLIST_KEY_UIApplicationSupportsIndirectInputEvents = YES;
				INFOPLIST_KEY_UILaunchStoryboardName = LaunchScreen;
				INFOPLIST_KEY_UIMainStoryboardFile = Main;
				INFOPLIST_KEY_UISupportedInterfaceOrientations = UIInterfaceOrientationPortrait;
				INFOPLIST_KEY_UISupportedInterfaceOrientations_iPad = "UIInterfaceOrientationPortrait UIInterfaceOrientationPortraitUpsideDown UIInterfaceOrientationLandscapeLeft UIInterfaceOrientationLandscapeRight";
				INFOPLIST_KEY_UISupportedInterfaceOrientations_iPhone = "UIInterfaceOrientationPortrait UIInterfaceOrientationLandscapeLeft UIInterfaceOrientationLandscapeRight";
				LD_RUNPATH_SEARCH_PATHS = (
					"$(inherited)",
					"@executable_path/Frameworks",
				);
				MARKETING_VERSION = 1.0;
				PRODUCT_BUNDLE_IDENTIFIER = mohammad.tk.NOUS;
				PRODUCT_NAME = "$(TARGET_NAME)";
				SWIFT_EMIT_LOC_STRINGS = YES;
				SWIFT_VERSION = 5.0;
				TARGETED_DEVICE_FAMILY = 1;
			};
			name = Release;
		};
/* End XCBuildConfiguration section */

/* Begin XCConfigurationList section */
		0AAE354A2882A248001B55FB /* Build configuration list for PBXProject "NOUS" */ = {
			isa = XCConfigurationList;
			buildConfigurations = (
				0AAE35612882A24A001B55FB /* Debug */,
				0AAE35622882A24A001B55FB /* Release */,
			);
			defaultConfigurationIsVisible = 0;
			defaultConfigurationName = Release;
		};
		0AAE35632882A24A001B55FB /* Build configuration list for PBXNativeTarget "NOUS" */ = {
			isa = XCConfigurationList;
			buildConfigurations = (
				0AAE35642882A24A001B55FB /* Debug */,
				0AAE35652882A24A001B55FB /* Release */,
			);
			defaultConfigurationIsVisible = 0;
			defaultConfigurationName = Release;
		};
/* End XCConfigurationList section */
	};
	rootObject = 0AAE35472882A248001B55FB /* Project object */;
}
